
Microsoft Visual Studio Solution File, Format Version 12.00
# Visual Studio Version 17
VisualStudioVersion = 17.13.35828.75
MinimumVisualStudioVersion = 10.0.40219.1
Project("{FAE04EC0-301F-11D3-BF4B-00C04F79EFBC}") = "Elite.Presentation", "Elite.Presentation\Elite.Presentation.csproj", "{0B7DD5B1-93A1-4F25-9AE2-A872D57C6DDB}"
EndProject
Project("{FAE04EC0-301F-11D3-BF4B-00C04F79EFBC}") = "Elite.Data", "Elite.Data\Elite.Data.csproj", "{94302912-77D0-47A0-922E-AE4E89118D50}"
EndProject
Project("{FAE04EC0-301F-11D3-BF4B-00C04F79EFBC}") = "Elite.Models", "Elite.Models\Elite.Models.csproj", "{23CBB7DC-7AA1-4235-A523-FD9AB8FF41D7}"
EndProject
Project("{FAE04EC0-301F-11D3-BF4B-00C04F79EFBC}") = "Elite.Utility", "Elite.Utility\Elite.Utility.csproj", "{29CF7C33-73FE-4BA4-B706-806AC9DE2CD2}"
EndProject
Global
	GlobalSection(SolutionConfigurationPlatforms) = preSolution
		Debug|Any CPU = Debug|Any CPU
		Release|Any CPU = Release|Any CPU
	EndGlobalSection
	GlobalSection(ProjectConfigurationPlatforms) = postSolution
		{0B7DD5B1-93A1-4F25-9AE2-A872D57C6DDB}.Debug|Any CPU.ActiveCfg = Debug|Any CPU
		{0B7DD5B1-93A1-4F25-9AE2-A872D57C6DDB}.Debug|Any CPU.Build.0 = Debug|Any CPU
		{0B7DD5B1-93A1-4F25-9AE2-A872D57C6DDB}.Release|Any CPU.ActiveCfg = Release|Any CPU
		{0B7DD5B1-93A1-4F25-9AE2-A872D57C6DDB}.Release|Any CPU.Build.0 = Release|Any CPU
		{94302912-77D0-47A0-922E-AE4E89118D50}.Debug|Any CPU.ActiveCfg = Debug|Any CPU
		{94302912-77D0-47A0-922E-AE4E89118D50}.Debug|Any CPU.Build.0 = Debug|Any CPU
		{94302912-77D0-47A0-922E-AE4E89118D50}.Release|Any CPU.ActiveCfg = Release|Any CPU
		{94302912-77D0-47A0-922E-AE4E89118D50}.Release|Any CPU.Build.0 = Release|Any CPU
		{23CBB7DC-7AA1-4235-A523-FD9AB8FF41D7}.Debug|Any CPU.ActiveCfg = Debug|Any CPU
		{23CBB7DC-7AA1-4235-A523-FD9AB8FF41D7}.Debug|Any CPU.Build.0 = Debug|Any CPU
		{23CBB7DC-7AA1-4235-A523-FD9AB8FF41D7}.Release|Any CPU.ActiveCfg = Release|Any CPU
		{23CBB7DC-7AA1-4235-A523-FD9AB8FF41D7}.Release|Any CPU.Build.0 = Release|Any CPU
		{29CF7C33-73FE-4BA4-B706-806AC9DE2CD2}.Debug|Any CPU.ActiveCfg = Debug|Any CPU
		{29CF7C33-73FE-4BA4-B706-806AC9DE2CD2}.Debug|Any CPU.Build.0 = Debug|Any CPU
		{29CF7C33-73FE-4BA4-B706-806AC9DE2CD2}.Release|Any CPU.ActiveCfg = Release|Any CPU
		{29CF7C33-73FE-4BA4-B706-806AC9DE2CD2}.Release|Any CPU.Build.0 = Release|Any CPU
	EndGlobalSection
	GlobalSection(SolutionProperties) = preSolution
		HideSolutionNode = FALSE
	EndGlobalSection
	GlobalSection(ExtensibilityGlobals) = postSolution
		SolutionGuid = {C4F19E94-94D9-413B-B549-FAA95151FAD3}
	EndGlobalSection
EndGlobal
